# THIS IS AN AUTOGENERATED FILE. DO NOT EDIT THIS FILE DIRECTLY.
# yarn lockfile v1


"@jest/types@^27.2.5":
  "integrity" "sha512-nmuM4VuDtCZcY+eTpw+0nvstwReMsjPoj7ZR80/BbixulhLaiX+fbv8oeLW8WZlJMcsGQsTmMKT/iTZu1Uy/lQ=="
  "resolved" "https://registry.npmjs.org/@jest/types/-/types-27.2.5.tgz"
  "version" "27.2.5"
  dependencies:
    "@types/istanbul-lib-coverage" "^2.0.0"
    "@types/istanbul-reports" "^3.0.0"
    "@types/node" "*"
    "@types/yargs" "^16.0.0"
    "chalk" "^4.0.0"

"@jitsu/jitsu-cli@file:../../packages/jitsu-cli":
  "resolved" "file:../../packages/jitsu-cli"
  "version" "0.0.8"
  dependencies:
    "@rollup/plugin-commonjs" "^21.0.1"
    "@rollup/plugin-multi-entry" "^4.1.0"
    "@rollup/plugin-node-resolve" "^13.0.6"
    "@types/prismjs" "^1.16.6"
    "chalk" "^4.1.2"
    "commander" "^8.3.0"
    "cross-fetch" "^3.1.4"
    "inquirer" "^8.2.0"
    "jest" "^27.3.1"
    "jest-cli" "^27.3.1"
    "node-fetch" "^3.1.0"
    "ora" "^6.0.1"
    "prismjs" "^1.25.0"
    "rollup" "^2.60.0"
    "rollup-plugin-typescript2" "^0.31.0"
    "rollup-plugin-uglify" "^6.0.4"
    "semver" "^7.3.5"
    "terminal-link" "^3.0.0"
    "ts-jest" "^27.0.7"
    "ts-node" "^10.4.0"
    "tslib" "^2.3.1"
    "typescript" "^4.5.2"
    "validate-npm-package-name" "^3.0.0"

"@jitsu/jitsu-types@^0.0.3":
  "integrity" "sha512-LaDhgO7PhjrmrZMXnal6jyLqiJHZ8vNqO5yLswp2xeD0z2W2Um0qTUdhtzfw/qKHkXfbr7SCPEBHgahd1cljqw=="
  "resolved" "https://registry.npmjs.org/@jitsu/jitsu-types/-/jitsu-types-0.0.3.tgz"
  "version" "0.0.3"
  dependencies:
    "@types/jest" "^27.0.3"

"@types/istanbul-lib-coverage@*", "@types/istanbul-lib-coverage@^2.0.0":
  "integrity" "sha512-sz7iLqvVUg1gIedBOvlkxPlc8/uVzyS5OwGz1cKjXzkl3FpL3al0crU8YGU1WoHkxn0Wxbw5tyi6hvzJKNzFsw=="
  "resolved" "https://registry.npmjs.org/@types/istanbul-lib-coverage/-/istanbul-lib-coverage-2.0.3.tgz"
  "version" "2.0.3"

"@types/istanbul-lib-report@*":
  "integrity" "sha512-plGgXAPfVKFoYfa9NpYDAkseG+g6Jr294RqeqcqDixSbU34MZVJRi/P+7Y8GDpzkEwLaGZZOpKIEmeVZNtKsrg=="
  "resolved" "https://registry.npmjs.org/@types/istanbul-lib-report/-/istanbul-lib-report-3.0.0.tgz"
  "version" "3.0.0"
  dependencies:
    "@types/istanbul-lib-coverage" "*"

"@types/istanbul-reports@^3.0.0":
  "integrity" "sha512-c3mAZEuK0lvBp8tmuL74XRKn1+y2dcwOUpH7x4WrF6gk1GIgiluDRgMYQtw2OFcBvAJWlt6ASU3tSqxp0Uu0Aw=="
  "resolved" "https://registry.npmjs.org/@types/istanbul-reports/-/istanbul-reports-3.0.1.tgz"
  "version" "3.0.1"
  dependencies:
    "@types/istanbul-lib-report" "*"

"@types/jest@^27.0.3":
  "integrity" "sha512-cmmwv9t7gBYt7hNKH5Spu7Kuu/DotGa+Ff+JGRKZ4db5eh8PnKS4LuebJ3YLUoyOyIHraTGyULn23YtEAm0VSg=="
  "resolved" "https://registry.npmjs.org/@types/jest/-/jest-27.0.3.tgz"
  "version" "27.0.3"
  dependencies:
    "jest-diff" "^27.0.0"
    "pretty-format" "^27.0.0"

"@types/node@*":
  "integrity" "sha512-QB5D2sqfSjCmTuWcBWyJ+/44bcjO7VbjSbOE0ucoVbAsSNQc4Lt6QkgkVXkTDwkL4z/beecZNDvVX15D4P8Jbw=="
  "resolved" "https://registry.npmjs.org/@types/node/-/node-16.11.7.tgz"
  "version" "16.11.7"

"@types/yargs-parser@*":
  "integrity" "sha512-7tFImggNeNBVMsn0vLrpn1H1uPrUBdnARPTpZoitY37ZrdJREzf7I16tMrlK3hen349gr1NYh8CmZQa7CTG6Aw=="
  "resolved" "https://registry.npmjs.org/@types/yargs-parser/-/yargs-parser-20.2.1.tgz"
  "version" "20.2.1"

"@types/yargs@^16.0.0":
  "integrity" "sha512-T8Yc9wt/5LbJyCaLiHPReJa0kApcIgJ7Bn735GjItUfh08Z1pJvu8QZqb9s+mMvKV6WUQRV7K2R46YbjMXTTJw=="
  "resolved" "https://registry.npmjs.org/@types/yargs/-/yargs-16.0.4.tgz"
  "version" "16.0.4"
  dependencies:
    "@types/yargs-parser" "*"

"ansi-regex@^5.0.1":
  "integrity" "sha512-quJQXlTSUGL2LH9SUXo8VwsY4soanhgo6LNSm84E1LBcE8s3O0wpdiRzyR9z/ZZJMlMWv37qOOb9pdJlMUEKFQ=="
  "resolved" "https://registry.npmjs.org/ansi-regex/-/ansi-regex-5.0.1.tgz"
  "version" "5.0.1"

"ansi-styles@^4.1.0":
  "integrity" "sha512-zbB9rCJAT1rbjiVDb2hqKFHNYLxgtk8NURxZ3IZwD3F6NtxbXZQCnnSi1Lkx+IDohdPlFp222wVALIheZJQSEg=="
  "resolved" "https://registry.npmjs.org/ansi-styles/-/ansi-styles-4.3.0.tgz"
  "version" "4.3.0"
  dependencies:
    "color-convert" "^2.0.1"

"ansi-styles@^5.0.0":
  "integrity" "sha512-Cxwpt2SfTzTtXcfOlzGEee8O+c+MmUgGrNiBcXnuWxuFJHe6a5Hz7qwhwe5OgaSYI0IJvkLqWX1ASG+cJOkEiA=="
  "resolved" "https://registry.npmjs.org/ansi-styles/-/ansi-styles-5.2.0.tgz"
  "version" "5.2.0"

"chalk@^4.0.0":
  "integrity" "sha512-oKnbhFyRIXpUuez8iBMmyEa4nbj4IOQyuhc/wy9kY7/WVPcwIO9VA668Pu8RkO7+0G76SLROeyw9CpQ061i4mA=="
  "resolved" "https://registry.npmjs.org/chalk/-/chalk-4.1.2.tgz"
  "version" "4.1.2"
  dependencies:
    "ansi-styles" "^4.1.0"
    "supports-color" "^7.1.0"

"color-convert@^2.0.1":
  "integrity" "sha512-RRECPsj7iu/xb5oKYcsFHSppFNnsj/52OVTRKb4zP5onXwVF3zVmmToNcOfGC+CRDpfK/U584fMg38ZHCaElKQ=="
  "resolved" "https://registry.npmjs.org/color-convert/-/color-convert-2.0.1.tgz"
  "version" "2.0.1"
  dependencies:
    "color-name" "~1.1.4"

"color-name@~1.1.4":
  "integrity" "sha512-dOy+3AuW3a2wNbZHIuMZpTcgjGuLU/uBL/ubcZF9OXbDo8ff4O8yVp5Bf0efS8uEoYo5q4Fx7dY9OgQGXgAsQA=="
  "resolved" "https://registry.npmjs.org/color-name/-/color-name-1.1.4.tgz"
  "version" "1.1.4"

"diff-sequences@^27.0.6":
  "integrity" "sha512-ag6wfpBFyNXZ0p8pcuIDS//D8H062ZQJ3fzYxjpmeKjnz8W4pekL3AI8VohmyZmsWW2PWaHgjsmqR6L13101VQ=="
  "resolved" "https://registry.npmjs.org/diff-sequences/-/diff-sequences-27.0.6.tgz"
  "version" "27.0.6"

"has-flag@^4.0.0":
  "integrity" "sha512-EykJT/Q1KjTWctppgIAgfSO0tKVuZUjhgMr17kqTumMl6Afv3EISleU7qZUzoXDFTAHTDC4NOoG/ZxU3EvlMPQ=="
  "resolved" "https://registry.npmjs.org/has-flag/-/has-flag-4.0.0.tgz"
  "version" "4.0.0"

"jest-diff@^27.0.0":
  "integrity" "sha512-PCeuAH4AWUo2O5+ksW4pL9v5xJAcIKPUPfIhZBcG1RKv/0+dvaWTQK1Nrau8d67dp65fOqbeMdoil+6PedyEPQ=="
  "resolved" "https://registry.npmjs.org/jest-diff/-/jest-diff-27.3.1.tgz"
  "version" "27.3.1"
  dependencies:
    "chalk" "^4.0.0"
    "diff-sequences" "^27.0.6"
    "jest-get-type" "^27.3.1"
    "pretty-format" "^27.3.1"

"jest-get-type@^27.3.1":
  "integrity" "sha512-+Ilqi8hgHSAdhlQ3s12CAVNd8H96ZkQBfYoXmArzZnOfAtVAJEiPDBirjByEblvG/4LPJmkL+nBqPO3A1YJAEg=="
  "resolved" "https://registry.npmjs.org/jest-get-type/-/jest-get-type-27.3.1.tgz"
  "version" "27.3.1"

"pretty-format@^27.0.0", "pretty-format@^27.3.1":
  "integrity" "sha512-DR/c+pvFc52nLimLROYjnXPtolawm+uWDxr4FjuLDLUn+ktWnSN851KoHwHzzqq6rfCOjkzN8FLgDrSub6UDuA=="
  "resolved" "https://registry.npmjs.org/pretty-format/-/pretty-format-27.3.1.tgz"
  "version" "27.3.1"
  dependencies:
    "@jest/types" "^27.2.5"
    "ansi-regex" "^5.0.1"
    "ansi-styles" "^5.0.0"
    "react-is" "^17.0.1"

"react-is@^17.0.1":
  "integrity" "sha512-w2GsyukL62IJnlaff/nRegPQR94C/XXamvMWmSHRJ4y7Ts/4ocGRmTHvOs8PSE6pB3dWOrD/nueuU5sduBsQ4w=="
  "resolved" "https://registry.npmjs.org/react-is/-/react-is-17.0.2.tgz"
  "version" "17.0.2"

"supports-color@^7.1.0":
  "integrity" "sha512-qpCAvRl9stuOHveKsn7HncJRvv501qIacKzQlO/+Lwxc9+0q2wLyv4Dfvt80/DPn2pqOBsJdDiogXGR9+OvwRw=="
  "resolved" "https://registry.npmjs.org/supports-color/-/supports-color-7.2.0.tgz"
  "version" "7.2.0"
  dependencies:
    "has-flag" "^4.0.0"

"typescript@^4.5.2":
  "integrity" "sha512-5BlMof9H1yGt0P8/WF+wPNw6GfctgGjXp5hkblpyT+8rkASSmkUKMXrxR0Xg8ThVCi/JnHQiKXeBaEwCeQwMFw=="
  "resolved" "https://registry.npmjs.org/typescript/-/typescript-4.5.2.tgz"
  "version" "4.5.2"
